
Microsoft Visual Studio Solution File, Format Version 12.00
# Visual Studio Version 17
VisualStudioVersion = 17.7.34221.43
MinimumVisualStudioVersion = 10.0.40219.1
Project("{FAE04EC0-301F-11D3-BF4B-00C04F79EFBC}") = "UILayer", "UILayer\UILayer.csproj", "{7A8040AC-8E64-4947-B2BF-728A0279F377}"
EndProject
Global
	GlobalSection(SolutionConfigurationPlatforms) = preSolution
		Debug|Any CPU = Debug|Any CPU
		Release|Any CPU = Release|Any CPU
	EndGlobalSection
	GlobalSection(ProjectConfigurationPlatforms) = postSolution
		{7A8040AC-8E64-4947-B2BF-728A0279F377}.Debug|Any CPU.ActiveCfg = Debug|Any CPU
		{7A8040AC-8E64-4947-B2BF-728A0279F377}.Debug|Any CPU.Build.0 = Debug|Any CPU
		{7A8040AC-8E64-4947-B2BF-728A0279F377}.Release|Any CPU.ActiveCfg = Release|Any CPU
		{7A8040AC-8E64-4947-B2BF-728A0279F377}.Release|Any CPU.Build.0 = Release|Any CPU
	EndGlobalSection
	GlobalSection(SolutionProperties) = preSolution
		HideSolutionNode = FALSE
	EndGlobalSection
	GlobalSection(ExtensibilityGlobals) = postSolution
		SolutionGuid = {D9E9D824-6D59-4821-AB37-61015FD65E33}
	EndGlobalSection
EndGlobal
